
Microsoft Visual Studio Solution File, Format Version 12.00
# Visual Studio 14
VisualStudioVersion = 14.0.23107.0
MinimumVisualStudioVersion = 10.0.40219.1
Project("{FAE04EC0-301F-11D3-BF4B-00C04F79EFBC}") = "KeyenceComunicationTest", "KeyenceComunicationTest\KeyenceComunicationTest.csproj", "{A34828AE-F59B-4043-B833-FFA1775DA71D}"
EndProject
Global
	GlobalSection(SolutionConfigurationPlatforms) = preSolution
		Debug|Any CPU = Debug|Any CPU
		Release|Any CPU = Release|Any CPU
	EndGlobalSection
	GlobalSection(ProjectConfigurationPlatforms) = postSolution
		{A34828AE-F59B-4043-B833-FFA1775DA71D}.Debug|Any CPU.ActiveCfg = Debug|Any CPU
		{A34828AE-F59B-4043-B833-FFA1775DA71D}.Debug|Any CPU.Build.0 = Debug|Any CPU
		{A34828AE-F59B-4043-B833-FFA1775DA71D}.Release|Any CPU.ActiveCfg = Release|Any CPU
		{A34828AE-F59B-4043-B833-FFA1775DA71D}.Release|Any CPU.Build.0 = Release|Any CPU
	EndGlobalSection
	GlobalSection(SolutionProperties) = preSolution
		HideSolutionNode = FALSE
	EndGlobalSection
EndGlobal
